
Microsoft Visual Studio Solution File, Format Version 12.00
# Visual Studio Version 17
VisualStudioVersion = 17.5.002.0
MinimumVisualStudioVersion = 10.0.40219.1
Project("{9A19103F-16F7-4668-BE54-9A1E7A4F7556}") = "ServicioInyeccionDependenciasV2", "ServicioInyeccionDependenciasV2.csproj", "{024B1E49-4C14-4837-9926-446F17B15660}"
EndProject
Global
	GlobalSection(SolutionConfigurationPlatforms) = preSolution
		Debug|Any CPU = Debug|Any CPU
		Release|Any CPU = Release|Any CPU
	EndGlobalSection
	GlobalSection(ProjectConfigurationPlatforms) = postSolution
		{024B1E49-4C14-4837-9926-446F17B15660}.Debug|Any CPU.ActiveCfg = Debug|Any CPU
		{024B1E49-4C14-4837-9926-446F17B15660}.Debug|Any CPU.Build.0 = Debug|Any CPU
		{024B1E49-4C14-4837-9926-446F17B15660}.Release|Any CPU.ActiveCfg = Release|Any CPU
		{024B1E49-4C14-4837-9926-446F17B15660}.Release|Any CPU.Build.0 = Release|Any CPU
	EndGlobalSection
	GlobalSection(SolutionProperties) = preSolution
		HideSolutionNode = FALSE
	EndGlobalSection
	GlobalSection(ExtensibilityGlobals) = postSolution
		SolutionGuid = {A45E0995-6B1B-4E1A-A5A9-90F4C45DE155}
	EndGlobalSection
EndGlobal
